# THIS IS AN AUTOGENERATED FILE. DO NOT EDIT THIS FILE DIRECTLY.
# yarn lockfile v1


"@types/node@^14.14.10":
  version "14.17.14"
  resolved "https://registry.yarnpkg.com/@types/node/-/node-14.17.14.tgz#6fda9785b41570eb628bac27be4b602769a3f938"
  integrity sha512-rsAj2u8Xkqfc332iXV12SqIsjVi07H479bOP4q94NAcjzmAvapumEhuVIt53koEf7JFrpjgNKjBga5Pnn/GL8A==

"@types/qunit@^2.11.1":
  version "2.11.2"
  resolved "https://registry.yarnpkg.com/@types/qunit/-/qunit-2.11.2.tgz#4cb99ae3ea6afe94b9c4cfd3ab715a285729ca9c"
  integrity sha512-Bt0fz9l8sWxqP+cjoqWQyNVyOPPK+7GPhKIKLLTi7llR0FV+pyd50FXTXafZeZnsFVUgXw4pdupydz75E6vxjQ==

commander@7.1.0:
  version "7.1.0"
  resolved "https://registry.yarnpkg.com/commander/-/commander-7.1.0.tgz#f2eaecf131f10e36e07d894698226e36ae0eb5ff"
  integrity sha512-pRxBna3MJe6HKnBGsDyMv8ETbptw3axEdYHoqNh7gu5oDcew8fs0xnivZGm06Ogk8zGAJ9VX+OPEr2GXEQK4dg==

globalyzer@0.1.0:
  version "0.1.0"
  resolved "https://registry.yarnpkg.com/globalyzer/-/globalyzer-0.1.0.tgz#cb76da79555669a1519d5a8edf093afaa0bf1465"
  integrity sha512-40oNTM9UfG6aBmuKxk/giHn5nQ8RVz/SS4Ir6zgzOv9/qC3kKZ9v4etGTcJbEl/NyVQH7FGU7d+X1egr57Md2Q==

globrex@^0.1.2:
  version "0.1.2"
  resolved "https://registry.yarnpkg.com/globrex/-/globrex-0.1.2.tgz#dd5d9ec826232730cd6793a5e33a9302985e6098"
  integrity sha512-uHJgbwAMwNFf5mLst7IWLNg14x1CkeqglJb/K3doi4dw6q2IvAAmM/Y81kevy83wP+Sst+nutFTYOGg3d1lsxg==

node-watch@0.7.1:
  version "0.7.1"
  resolved "https://registry.yarnpkg.com/node-watch/-/node-watch-0.7.1.tgz#0caaa6a6833b0d533487f953c52a6c787769ba7c"
  integrity sha512-UWblPYuZYrkCQCW5PxAwYSxaELNBLUckrTBBk8xr1/bUgyOkYYTsUcV4e3ytcazFEOyiRyiUrsG37pu6I0I05g==

qunit@^2.13.0:
  version "2.17.0"
  resolved "https://registry.yarnpkg.com/qunit/-/qunit-2.17.0.tgz#4c2dd5a4ee91cd8f8462708a37e710a3e622c321"
  integrity sha512-3zXO4T3KT8liCXYDqu68SmK6D7JgI80R6gUPGjzxXwh9rjwdmmx09YZhGLfT466PC/XlORr8xvxlNx3i3S72Rw==
  dependencies:
    commander "7.1.0"
    node-watch "0.7.1"
    tiny-glob "0.2.9"

tiny-glob@0.2.9:
  version "0.2.9"
  resolved "https://registry.yarnpkg.com/tiny-glob/-/tiny-glob-0.2.9.tgz#2212d441ac17928033b110f8b3640683129d31e2"
  integrity sha512-g/55ssRPUjShh+xkfx9UPDXqhckHEsHr4Vd9zX55oSdGZc/MD0m3sferOkwWtp98bv+kcVfEHtRJgBVJzelrzg==
  dependencies:
    globalyzer "0.1.0"
    globrex "^0.1.2"
